
Microsoft Visual Studio Solution File, Format Version 12.00
# Visual Studio Version 17
VisualStudioVersion = 17.11.35222.181
MinimumVisualStudioVersion = 10.0.40219.1
Project("{FAE04EC0-301F-11D3-BF4B-00C04F79EFBC}") = "UrlShortener.Server", "UrlShortener.Server\UrlShortener.Server.csproj", "{9B855DE5-B971-4E5D-9DB4-31A62BAE02D4}"
EndProject
Project("{54A90642-561A-4BB1-A94E-469ADEE60C69}") = "urlshortener.client", "urlshortener.client\urlshortener.client.esproj", "{C6CB3100-F516-44B4-B6BA-CE4D337F1FDD}"
EndProject
Global
	GlobalSection(SolutionConfigurationPlatforms) = preSolution
		Debug|Any CPU = Debug|Any CPU
		Release|Any CPU = Release|Any CPU
	EndGlobalSection
	GlobalSection(ProjectConfigurationPlatforms) = postSolution
		{9B855DE5-B971-4E5D-9DB4-31A62BAE02D4}.Debug|Any CPU.ActiveCfg = Debug|Any CPU
		{9B855DE5-B971-4E5D-9DB4-31A62BAE02D4}.Debug|Any CPU.Build.0 = Debug|Any CPU
		{9B855DE5-B971-4E5D-9DB4-31A62BAE02D4}.Release|Any CPU.ActiveCfg = Release|Any CPU
		{9B855DE5-B971-4E5D-9DB4-31A62BAE02D4}.Release|Any CPU.Build.0 = Release|Any CPU
		{C6CB3100-F516-44B4-B6BA-CE4D337F1FDD}.Debug|Any CPU.ActiveCfg = Debug|Any CPU
		{C6CB3100-F516-44B4-B6BA-CE4D337F1FDD}.Debug|Any CPU.Build.0 = Debug|Any CPU
		{C6CB3100-F516-44B4-B6BA-CE4D337F1FDD}.Debug|Any CPU.Deploy.0 = Debug|Any CPU
		{C6CB3100-F516-44B4-B6BA-CE4D337F1FDD}.Release|Any CPU.ActiveCfg = Release|Any CPU
		{C6CB3100-F516-44B4-B6BA-CE4D337F1FDD}.Release|Any CPU.Build.0 = Release|Any CPU
		{C6CB3100-F516-44B4-B6BA-CE4D337F1FDD}.Release|Any CPU.Deploy.0 = Release|Any CPU
	EndGlobalSection
	GlobalSection(SolutionProperties) = preSolution
		HideSolutionNode = FALSE
	EndGlobalSection
	GlobalSection(ExtensibilityGlobals) = postSolution
		SolutionGuid = {5302ACE6-5C04-42E9-8F63-A7D1234A791B}
	EndGlobalSection
EndGlobal
